
Microsoft Visual Studio Solution File, Format Version 12.00
# Visual Studio Version 17
VisualStudioVersion = 17.7.34009.444
MinimumVisualStudioVersion = 10.0.40219.1
Project("{FAE04EC0-301F-11D3-BF4B-00C04F79EFBC}") = "SakontStack.ReactiveStream", "SakontStack.ReactiveStream\SakontStack.ReactiveStream.csproj", "{44E441A6-E456-4D4F-8303-898CE95947DA}"
EndProject
Global
	GlobalSection(SolutionConfigurationPlatforms) = preSolution
		Debug|Any CPU = Debug|Any CPU
		Release|Any CPU = Release|Any CPU
	EndGlobalSection
	GlobalSection(ProjectConfigurationPlatforms) = postSolution
		{44E441A6-E456-4D4F-8303-898CE95947DA}.Debug|Any CPU.ActiveCfg = Debug|Any CPU
		{44E441A6-E456-4D4F-8303-898CE95947DA}.Debug|Any CPU.Build.0 = Debug|Any CPU
		{44E441A6-E456-4D4F-8303-898CE95947DA}.Release|Any CPU.ActiveCfg = Release|Any CPU
		{44E441A6-E456-4D4F-8303-898CE95947DA}.Release|Any CPU.Build.0 = Release|Any CPU
	EndGlobalSection
	GlobalSection(SolutionProperties) = preSolution
		HideSolutionNode = FALSE
	EndGlobalSection
	GlobalSection(ExtensibilityGlobals) = postSolution
		SolutionGuid = {9BBA4E09-EBA9-4C25-A99B-944B277B3464}
	EndGlobalSection
EndGlobal
